// !$*UTF8*$!
{
	archiveVersion = 1;
	classes = {
	};
	objectVersion = 50;
	objects = {

/* Begin PBXBuildFile section */
		3701CEF4222B48B900F3D83C /* AVAssetExportSession+OverlapVideos.m in Sources */ = {isa = PBXBuildFile; fileRef = 3701CEF3222B48B900F3D83C /* AVAssetExportSession+OverlapVideos.m */; };
		3718D98022178996001398A1 /* AppDelegate.swift in Sources */ = {isa = PBXBuildFile; fileRef = 3718D97F22178996001398A1 /* AppDelegate.swift */; };
		3718D98522178996001398A1 /* Main.storyboard in Resources */ = {isa = PBXBuildFile; fileRef = 3718D98322178996001398A1 /* Main.storyboard */; };
		3718D98722178997001398A1 /* Assets.xcassets in Resources */ = {isa = PBXBuildFile; fileRef = 3718D98622178997001398A1 /* Assets.xcassets */; };
		3718D98A22178997001398A1 /* LaunchScreen.storyboard in Resources */ = {isa = PBXBuildFile; fileRef = 3718D98822178997001398A1 /* LaunchScreen.storyboard */; };
		3718D9972217CADC001398A1 /* Classes.swift in Sources */ = {isa = PBXBuildFile; fileRef = 3718D9962217CADC001398A1 /* Classes.swift */; };
		3718D9992217CC3E001398A1 /* Billabong.ttf in Resources */ = {isa = PBXBuildFile; fileRef = 3718D9982217CC3E001398A1 /* Billabong.ttf */; };
		3718D99B2217CE37001398A1 /* LaunchScreenViewController.swift in Sources */ = {isa = PBXBuildFile; fileRef = 3718D99A2217CE37001398A1 /* LaunchScreenViewController.swift */; };
		3718D99D2217D032001398A1 /* MainViewController.swift in Sources */ = {isa = PBXBuildFile; fileRef = 3718D99C2217D032001398A1 /* MainViewController.swift */; };
		3718D99F2217D1EF001398A1 /* CallViewController.swift in Sources */ = {isa = PBXBuildFile; fileRef = 3718D99E2217D1EF001398A1 /* CallViewController.swift */; };
		3718D9A62217D513001398A1 /* ClickOff.mp3 in Resources */ = {isa = PBXBuildFile; fileRef = 3718D9A52217D513001398A1 /* ClickOff.mp3 */; };
		3718D9A82217D51F001398A1 /* ClickOn.mp3 in Resources */ = {isa = PBXBuildFile; fileRef = 3718D9A72217D51F001398A1 /* ClickOn.mp3 */; };
		3718D9AA2217D52B001398A1 /* EndCall.mp3 in Resources */ = {isa = PBXBuildFile; fileRef = 3718D9A92217D52B001398A1 /* EndCall.mp3 */; };
		3718D9AC2217D539001398A1 /* OutboundRingTone.mp3 in Resources */ = {isa = PBXBuildFile; fileRef = 3718D9AB2217D539001398A1 /* OutboundRingTone.mp3 */; };
		3718D9AE2217D547001398A1 /* StartCall.mp3 in Resources */ = {isa = PBXBuildFile; fileRef = 3718D9AD2217D547001398A1 /* StartCall.mp3 */; };
		373703F7221F1D6700FDA14D /* PersonalizeViewController.swift in Sources */ = {isa = PBXBuildFile; fileRef = 373703F6221F1D6700FDA14D /* PersonalizeViewController.swift */; };
		373703F9221FB2E800FDA14D /* EpisodesViewController.swift in Sources */ = {isa = PBXBuildFile; fileRef = 373703F8221FB2E800FDA14D /* EpisodesViewController.swift */; };
		373703FB221FB44700FDA14D /* PreviewViewController.swift in Sources */ = {isa = PBXBuildFile; fileRef = 373703FA221FB44700FDA14D /* PreviewViewController.swift */; };
		373703FD22224C2300FDA14D /* HappyBirthday.mp4 in Resources */ = {isa = PBXBuildFile; fileRef = 373703FC22224C2300FDA14D /* HappyBirthday.mp4 */; };
		373703FF222282F000FDA14D /* Protocols.swift in Sources */ = {isa = PBXBuildFile; fileRef = 373703FE222282F000FDA14D /* Protocols.swift */; };
		3756C20F2231EF8000FDD342 /* Introduction.mp4 in Resources */ = {isa = PBXBuildFile; fileRef = 3756C20E2231EF8000FDD342 /* Introduction.mp4 */; };
		375CB6CB222628CD004699C2 /* StoreKit.framework in Frameworks */ = {isa = PBXBuildFile; fileRef = 375CB6CA222628CD004699C2 /* StoreKit.framework */; };
		375CB6CD22279211004699C2 /* CustomSegmentedControl.swift in Sources */ = {isa = PBXBuildFile; fileRef = 375CB6CC22279211004699C2 /* CustomSegmentedControl.swift */; };
		375CB6CF2227924C004699C2 /* Extensions.swift in Sources */ = {isa = PBXBuildFile; fileRef = 375CB6CE2227924C004699C2 /* Extensions.swift */; };
		375CB6D12227948C004699C2 /* ParentsOnlyViewController.swift in Sources */ = {isa = PBXBuildFile; fileRef = 375CB6D02227948C004699C2 /* ParentsOnlyViewController.swift */; };
		375CB6D3222796CA004699C2 /* SettingsViewController.swift in Sources */ = {isa = PBXBuildFile; fileRef = 375CB6D2222796CA004699C2 /* SettingsViewController.swift */; };
		375CB6D522279969004699C2 /* RecordingsViewController.swift in Sources */ = {isa = PBXBuildFile; fileRef = 375CB6D422279969004699C2 /* RecordingsViewController.swift */; };
		375CB6D722279981004699C2 /* RecordingsTableViewCell.swift in Sources */ = {isa = PBXBuildFile; fileRef = 375CB6D622279981004699C2 /* RecordingsTableViewCell.swift */; };
		375CB6DB22279C5A004699C2 /* Alerts.storyboard in Resources */ = {isa = PBXBuildFile; fileRef = 375CB6DA22279C5A004699C2 /* Alerts.storyboard */; };
		375CB6DD22279C7E004699C2 /* Tutorial.storyboard in Resources */ = {isa = PBXBuildFile; fileRef = 375CB6DC22279C7E004699C2 /* Tutorial.storyboard */; };
		375CB6DF22279E36004699C2 /* ShareViewController.swift in Sources */ = {isa = PBXBuildFile; fileRef = 375CB6DE22279E36004699C2 /* ShareViewController.swift */; };
		375CB6E122279EEC004699C2 /* VideoView.swift in Sources */ = {isa = PBXBuildFile; fileRef = 375CB6E022279EEC004699C2 /* VideoView.swift */; };
/* End PBXBuildFile section */

/* Begin PBXFileReference section */
		3701CEF1222B484F00F3D83C /* AVAssetExportSession+OverlapVideos.h */ = {isa = PBXFileReference; lastKnownFileType = sourcecode.c.h; path = "AVAssetExportSession+OverlapVideos.h"; sourceTree = "<group>"; };
		3701CEF2222B488300F3D83C /* Ice Princess-Bridging-Header.h */ = {isa = PBXFileReference; lastKnownFileType = sourcecode.c.h; path = "Ice Princess-Bridging-Header.h"; sourceTree = "<group>"; };
		3701CEF3222B48B900F3D83C /* AVAssetExportSession+OverlapVideos.m */ = {isa = PBXFileReference; lastKnownFileType = sourcecode.c.objc; path = "AVAssetExportSession+OverlapVideos.m"; sourceTree = "<group>"; };
		3718D97C22178996001398A1 /* Ice Princess.app */ = {isa = PBXFileReference; explicitFileType = wrapper.application; includeInIndex = 0; path = "Ice Princess.app"; sourceTree = BUILT_PRODUCTS_DIR; };
		3718D97F22178996001398A1 /* AppDelegate.swift */ = {isa = PBXFileReference; lastKnownFileType = sourcecode.swift; path = AppDelegate.swift; sourceTree = "<group>"; };
		3718D98422178996001398A1 /* Base */ = {isa = PBXFileReference; lastKnownFileType = file.storyboard; name = Base; path = Base.lproj/Main.storyboard; sourceTree = "<group>"; };
		3718D98622178997001398A1 /* Assets.xcassets */ = {isa = PBXFileReference; lastKnownFileType = folder.assetcatalog; path = Assets.xcassets; sourceTree = "<group>"; };
		3718D98922178997001398A1 /* Base */ = {isa = PBXFileReference; lastKnownFileType = file.storyboard; name = Base; path = Base.lproj/LaunchScreen.storyboard; sourceTree = "<group>"; };
		3718D98B22178997001398A1 /* Info.plist */ = {isa = PBXFileReference; lastKnownFileType = text.plist.xml; path = Info.plist; sourceTree = "<group>"; };
		3718D9962217CADC001398A1 /* Classes.swift */ = {isa = PBXFileReference; lastKnownFileType = sourcecode.swift; path = Classes.swift; sourceTree = "<group>"; };
		3718D9982217CC3E001398A1 /* Billabong.ttf */ = {isa = PBXFileReference; lastKnownFileType = file; path = Billabong.ttf; sourceTree = "<group>"; };
		3718D99A2217CE37001398A1 /* LaunchScreenViewController.swift */ = {isa = PBXFileReference; lastKnownFileType = sourcecode.swift; path = LaunchScreenViewController.swift; sourceTree = "<group>"; };
		3718D99C2217D032001398A1 /* MainViewController.swift */ = {isa = PBXFileReference; lastKnownFileType = sourcecode.swift; path = MainViewController.swift; sourceTree = "<group>"; };
		3718D99E2217D1EF001398A1 /* CallViewController.swift */ = {isa = PBXFileReference; lastKnownFileType = sourcecode.swift; path = CallViewController.swift; sourceTree = "<group>"; };
		3718D9A52217D513001398A1 /* ClickOff.mp3 */ = {isa = PBXFileReference; lastKnownFileType = audio.mp3; path = ClickOff.mp3; sourceTree = "<group>"; };
		3718D9A72217D51F001398A1 /* ClickOn.mp3 */ = {isa = PBXFileReference; lastKnownFileType = audio.mp3; path = ClickOn.mp3; sourceTree = "<group>"; };
		3718D9A92217D52B001398A1 /* EndCall.mp3 */ = {isa = PBXFileReference; lastKnownFileType = audio.mp3; path = EndCall.mp3; sourceTree = "<group>"; };
		3718D9AB2217D539001398A1 /* OutboundRingTone.mp3 */ = {isa = PBXFileReference; lastKnownFileType = audio.mp3; path = OutboundRingTone.mp3; sourceTree = "<group>"; };
		3718D9AD2217D547001398A1 /* StartCall.mp3 */ = {isa = PBXFileReference; lastKnownFileType = audio.mp3; path = StartCall.mp3; sourceTree = "<group>"; };
		373703F6221F1D6700FDA14D /* PersonalizeViewController.swift */ = {isa = PBXFileReference; lastKnownFileType = sourcecode.swift; path = PersonalizeViewController.swift; sourceTree = "<group>"; };
		373703F8221FB2E800FDA14D /* EpisodesViewController.swift */ = {isa = PBXFileReference; lastKnownFileType = sourcecode.swift; path = EpisodesViewController.swift; sourceTree = "<group>"; };
		373703FA221FB44700FDA14D /* PreviewViewController.swift */ = {isa = PBXFileReference; lastKnownFileType = sourcecode.swift; path = PreviewViewController.swift; sourceTree = "<group>"; };
		373703FC22224C2300FDA14D /* HappyBirthday.mp4 */ = {isa = PBXFileReference; lastKnownFileType = file; path = HappyBirthday.mp4; sourceTree = "<group>"; };
		373703FE222282F000FDA14D /* Protocols.swift */ = {isa = PBXFileReference; lastKnownFileType = sourcecode.swift; path = Protocols.swift; sourceTree = "<group>"; };
		3756C20E2231EF8000FDD342 /* Introduction.mp4 */ = {isa = PBXFileReference; lastKnownFileType = file; path = Introduction.mp4; sourceTree = "<group>"; };
		375CB6CA222628CD004699C2 /* StoreKit.framework */ = {isa = PBXFileReference; lastKnownFileType = wrapper.framework; name = StoreKit.framework; path = System/Library/Frameworks/StoreKit.framework; sourceTree = SDKROOT; };
		375CB6CC22279211004699C2 /* CustomSegmentedControl.swift */ = {isa = PBXFileReference; lastKnownFileType = sourcecode.swift; path = CustomSegmentedControl.swift; sourceTree = "<group>"; };
		375CB6CE2227924C004699C2 /* Extensions.swift */ = {isa = PBXFileReference; lastKnownFileType = sourcecode.swift; path = Extensions.swift; sourceTree = "<group>"; };
		375CB6D02227948C004699C2 /* ParentsOnlyViewController.swift */ = {isa = PBXFileReference; lastKnownFileType = sourcecode.swift; path = ParentsOnlyViewController.swift; sourceTree = "<group>"; };
		375CB6D2222796CA004699C2 /* SettingsViewController.swift */ = {isa = PBXFileReference; lastKnownFileType = sourcecode.swift; path = SettingsViewController.swift; sourceTree = "<group>"; };
		375CB6D422279969004699C2 /* RecordingsViewController.swift */ = {isa = PBXFileReference; lastKnownFileType = sourcecode.swift; path = RecordingsViewController.swift; sourceTree = "<group>"; };
		375CB6D622279981004699C2 /* RecordingsTableViewCell.swift */ = {isa = PBXFileReference; lastKnownFileType = sourcecode.swift; path = RecordingsTableViewCell.swift; sourceTree = "<group>"; };
		375CB6DA22279C5A004699C2 /* Alerts.storyboard */ = {isa = PBXFileReference; lastKnownFileType = file.storyboard; path = Alerts.storyboard; sourceTree = "<group>"; };
		375CB6DC22279C7E004699C2 /* Tutorial.storyboard */ = {isa = PBXFileReference; lastKnownFileType = file.storyboard; path = Tutorial.storyboard; sourceTree = "<group>"; };
		375CB6DE22279E36004699C2 /* ShareViewController.swift */ = {isa = PBXFileReference; lastKnownFileType = sourcecode.swift; path = ShareViewController.swift; sourceTree = "<group>"; };
		375CB6E022279EEC004699C2 /* VideoView.swift */ = {isa = PBXFileReference; lastKnownFileType = sourcecode.swift; path = VideoView.swift; sourceTree = "<group>"; };
/* End PBXFileReference section */

/* Begin PBXFrameworksBuildPhase section */
		3718D97922178996001398A1 /* Frameworks */ = {
			isa = PBXFrameworksBuildPhase;
			buildActionMask = 2147483647;
			files = (
				375CB6CB222628CD004699C2 /* StoreKit.framework in Frameworks */,
			);
			runOnlyForDeploymentPostprocessing = 0;
		};
/* End PBXFrameworksBuildPhase section */

/* Begin PBXGroup section */
		3718D97322178996001398A1 = {
			isa = PBXGroup;
			children = (
				3718D97E22178996001398A1 /* Ice Princess */,
				3718D97D22178996001398A1 /* Products */,
				375CB6C9222628CD004699C2 /* Frameworks */,
			);
			sourceTree = "<group>";
		};
		3718D97D22178996001398A1 /* Products */ = {
			isa = PBXGroup;
			children = (
				3718D97C22178996001398A1 /* Ice Princess.app */,
			);
			name = Products;
			sourceTree = "<group>";
		};
		3718D97E22178996001398A1 /* Ice Princess */ = {
			isa = PBXGroup;
			children = (
				3718D99422178A1C001398A1 /* Model */,
				3718D99322178A15001398A1 /* View */,
				3718D99222178A09001398A1 /* Controller */,
				3718D991221789E3001398A1 /* Supporting Files */,
				3718D98622178997001398A1 /* Assets.xcassets */,
			);
			path = "Ice Princess";
			sourceTree = "<group>";
		};
		3718D991221789E3001398A1 /* Supporting Files */ = {
			isa = PBXGroup;
			children = (
				3718D9A22217D4CD001398A1 /* Sounds */,
				3718D9A12217D4B7001398A1 /* Videos */,
				3718D99522178DAE001398A1 /* Fonts */,
				3718D97F22178996001398A1 /* AppDelegate.swift */,
				3718D98822178997001398A1 /* LaunchScreen.storyboard */,
				3718D98B22178997001398A1 /* Info.plist */,
			);
			name = "Supporting Files";
			sourceTree = "<group>";
		};
		3718D99222178A09001398A1 /* Controller */ = {
			isa = PBXGroup;
			children = (
				3718D99E2217D1EF001398A1 /* CallViewController.swift */,
				373703F8221FB2E800FDA14D /* EpisodesViewController.swift */,
				3718D99A2217CE37001398A1 /* LaunchScreenViewController.swift */,
				3718D99C2217D032001398A1 /* MainViewController.swift */,
				375CB6D02227948C004699C2 /* ParentsOnlyViewController.swift */,
				373703F6221F1D6700FDA14D /* PersonalizeViewController.swift */,
				373703FA221FB44700FDA14D /* PreviewViewController.swift */,
				375CB6D622279981004699C2 /* RecordingsTableViewCell.swift */,
				375CB6D422279969004699C2 /* RecordingsViewController.swift */,
				375CB6D2222796CA004699C2 /* SettingsViewController.swift */,
				375CB6DE22279E36004699C2 /* ShareViewController.swift */,
				375CB6CE2227924C004699C2 /* Extensions.swift */,
				373703FE222282F000FDA14D /* Protocols.swift */,
				3701CEF1222B484F00F3D83C /* AVAssetExportSession+OverlapVideos.h */,
				3701CEF3222B48B900F3D83C /* AVAssetExportSession+OverlapVideos.m */,
				3701CEF2222B488300F3D83C /* Ice Princess-Bridging-Header.h */,
			);
			path = Controller;
			sourceTree = "<group>";
		};
		3718D99322178A15001398A1 /* View */ = {
			isa = PBXGroup;
			children = (
				375CB6DA22279C5A004699C2 /* Alerts.storyboard */,
				3718D98322178996001398A1 /* Main.storyboard */,
				375CB6DC22279C7E004699C2 /* Tutorial.storyboard */,
				3718D9962217CADC001398A1 /* Classes.swift */,
				375CB6CC22279211004699C2 /* CustomSegmentedControl.swift */,
				375CB6E022279EEC004699C2 /* VideoView.swift */,
			);
			path = View;
			sourceTree = "<group>";
		};
		3718D99422178A1C001398A1 /* Model */ = {
			isa = PBXGroup;
			children = (
			);
			name = Model;
			path = "New Group";
			sourceTree = "<group>";
		};
		3718D99522178DAE001398A1 /* Fonts */ = {
			isa = PBXGroup;
			children = (
				3718D9982217CC3E001398A1 /* Billabong.ttf */,
			);
			name = Fonts;
			sourceTree = "<group>";
		};
		3718D9A12217D4B7001398A1 /* Videos */ = {
			isa = PBXGroup;
			children = (
				3756C20E2231EF8000FDD342 /* Introduction.mp4 */,
				373703FC22224C2300FDA14D /* HappyBirthday.mp4 */,
			);
			name = Videos;
			sourceTree = "<group>";
		};
		3718D9A22217D4CD001398A1 /* Sounds */ = {
			isa = PBXGroup;
			children = (
				3718D9A52217D513001398A1 /* ClickOff.mp3 */,
				3718D9A72217D51F001398A1 /* ClickOn.mp3 */,
				3718D9A92217D52B001398A1 /* EndCall.mp3 */,
				3718D9AB2217D539001398A1 /* OutboundRingTone.mp3 */,
				3718D9AD2217D547001398A1 /* StartCall.mp3 */,
			);
			name = Sounds;
			sourceTree = "<group>";
		};
		375CB6C9222628CD004699C2 /* Frameworks */ = {
			isa = PBXGroup;
			children = (
				375CB6CA222628CD004699C2 /* StoreKit.framework */,
			);
			name = Frameworks;
			sourceTree = "<group>";
		};
/* End PBXGroup section */

/* Begin PBXNativeTarget section */
		3718D97B22178996001398A1 /* Ice Princess */ = {
			isa = PBXNativeTarget;
			buildConfigurationList = 3718D98E22178997001398A1 /* Build configuration list for PBXNativeTarget "Ice Princess" */;
			buildPhases = (
				3718D97822178996001398A1 /* Sources */,
				3718D97922178996001398A1 /* Frameworks */,
				3718D97A22178996001398A1 /* Resources */,
			);
			buildRules = (
			);
			dependencies = (
			);
			name = "Ice Princess";
			productName = "Ice Princess";
			productReference = 3718D97C22178996001398A1 /* Ice Princess.app */;
			productType = "com.apple.product-type.application";
		};
/* End PBXNativeTarget section */

/* Begin PBXProject section */
		3718D97422178996001398A1 /* Project object */ = {
			isa = PBXProject;
			attributes = {
				LastSwiftUpdateCheck = 1010;
				LastUpgradeCheck = 1010;
				ORGANIZATIONNAME = "Colter  Conway";
				TargetAttributes = {
					3718D97B22178996001398A1 = {
						CreatedOnToolsVersion = 10.1;
						LastSwiftMigration = 1010;
						SystemCapabilities = {
							com.apple.InAppPurchase = {
								enabled = 1;
							};
						};
					};
				};
			};
			buildConfigurationList = 3718D97722178996001398A1 /* Build configuration list for PBXProject "Ice Princess" */;
			compatibilityVersion = "Xcode 9.3";
			developmentRegion = en;
			hasScannedForEncodings = 0;
			knownRegions = (
				en,
				Base,
			);
			mainGroup = 3718D97322178996001398A1;
			productRefGroup = 3718D97D22178996001398A1 /* Products */;
			projectDirPath = "";
			projectRoot = "";
			targets = (
				3718D97B22178996001398A1 /* Ice Princess */,
			);
		};
/* End PBXProject section */

/* Begin PBXResourcesBuildPhase section */
		3718D97A22178996001398A1 /* Resources */ = {
			isa = PBXResourcesBuildPhase;
			buildActionMask = 2147483647;
			files = (
				375CB6DD22279C7E004699C2 /* Tutorial.storyboard in Resources */,
				3718D98A22178997001398A1 /* LaunchScreen.storyboard in Resources */,
				3718D98722178997001398A1 /* Assets.xcassets in Resources */,
				3718D9A82217D51F001398A1 /* ClickOn.mp3 in Resources */,
				3718D98522178996001398A1 /* Main.storyboard in Resources */,
				3756C20F2231EF8000FDD342 /* Introduction.mp4 in Resources */,
				3718D9AA2217D52B001398A1 /* EndCall.mp3 in Resources */,
				3718D9AE2217D547001398A1 /* StartCall.mp3 in Resources */,
				3718D9A62217D513001398A1 /* ClickOff.mp3 in Resources */,
				373703FD22224C2300FDA14D /* HappyBirthday.mp4 in Resources */,
				3718D9992217CC3E001398A1 /* Billabong.ttf in Resources */,
				3718D9AC2217D539001398A1 /* OutboundRingTone.mp3 in Resources */,
				375CB6DB22279C5A004699C2 /* Alerts.storyboard in Resources */,
			);
			runOnlyForDeploymentPostprocessing = 0;
		};
/* End PBXResourcesBuildPhase section */

/* Begin PBXSourcesBuildPhase section */
		3718D97822178996001398A1 /* Sources */ = {
			isa = PBXSourcesBuildPhase;
			buildActionMask = 2147483647;
			files = (
				375CB6D12227948C004699C2 /* ParentsOnlyViewController.swift in Sources */,
				373703F7221F1D6700FDA14D /* PersonalizeViewController.swift in Sources */,
				3718D9972217CADC001398A1 /* Classes.swift in Sources */,
				373703F9221FB2E800FDA14D /* EpisodesViewController.swift in Sources */,
				375CB6CD22279211004699C2 /* CustomSegmentedControl.swift in Sources */,
				375CB6E122279EEC004699C2 /* VideoView.swift in Sources */,
				3701CEF4222B48B900F3D83C /* AVAssetExportSession+OverlapVideos.m in Sources */,
				373703FF222282F000FDA14D /* Protocols.swift in Sources */,
				375CB6DF22279E36004699C2 /* ShareViewController.swift in Sources */,
				375CB6D522279969004699C2 /* RecordingsViewController.swift in Sources */,
				3718D99B2217CE37001398A1 /* LaunchScreenViewController.swift in Sources */,
				3718D98022178996001398A1 /* AppDelegate.swift in Sources */,
				3718D99F2217D1EF001398A1 /* CallViewController.swift in Sources */,
				3718D99D2217D032001398A1 /* MainViewController.swift in Sources */,
				375CB6D3222796CA004699C2 /* SettingsViewController.swift in Sources */,
				375CB6CF2227924C004699C2 /* Extensions.swift in Sources */,
				375CB6D722279981004699C2 /* RecordingsTableViewCell.swift in Sources */,
				373703FB221FB44700FDA14D /* PreviewViewController.swift in Sources */,
			);
			runOnlyForDeploymentPostprocessing = 0;
		};
/* End PBXSourcesBuildPhase section */

/* Begin PBXVariantGroup section */
		3718D98322178996001398A1 /* Main.storyboard */ = {
			isa = PBXVariantGroup;
			children = (
				3718D98422178996001398A1 /* Base */,
			);
			name = Main.storyboard;
			sourceTree = "<group>";
		};
		3718D98822178997001398A1 /* LaunchScreen.storyboard */ = {
			isa = PBXVariantGroup;
			children = (
				3718D98922178997001398A1 /* Base */,
			);
			name = LaunchScreen.storyboard;
			sourceTree = "<group>";
		};
/* End PBXVariantGroup section */

/* Begin XCBuildConfiguration section */
		3718D98C22178997001398A1 /* Debug */ = {
			isa = XCBuildConfiguration;
			buildSettings = {
				ALWAYS_SEARCH_USER_PATHS = NO;
				CLANG_ANALYZER_NONNULL = YES;
				CLANG_ANALYZER_NUMBER_OBJECT_CONVERSION = YES_AGGRESSIVE;
				CLANG_CXX_LANGUAGE_STANDARD = "gnu++14";
				CLANG_CXX_LIBRARY = "libc++";
				CLANG_ENABLE_MODULES = YES;
				CLANG_ENABLE_OBJC_ARC = YES;
				CLANG_ENABLE_OBJC_WEAK = YES;
				CLANG_WARN_BLOCK_CAPTURE_AUTORELEASING = YES;
				CLANG_WARN_BOOL_CONVERSION = YES;
				CLANG_WARN_COMMA = YES;
				CLANG_WARN_CONSTANT_CONVERSION = YES;
				CLANG_WARN_DEPRECATED_OBJC_IMPLEMENTATIONS = YES;
				CLANG_WARN_DIRECT_OBJC_ISA_USAGE = YES_ERROR;
				CLANG_WARN_DOCUMENTATION_COMMENTS = YES;
				CLANG_WARN_EMPTY_BODY = YES;
				CLANG_WARN_ENUM_CONVERSION = YES;
				CLANG_WARN_INFINITE_RECURSION = YES;
				CLANG_WARN_INT_CONVERSION = YES;
				CLANG_WARN_NON_LITERAL_NULL_CONVERSION = YES;
				CLANG_WARN_OBJC_IMPLICIT_RETAIN_SELF = YES;
				CLANG_WARN_OBJC_LITERAL_CONVERSION = YES;
				CLANG_WARN_OBJC_ROOT_CLASS = YES_ERROR;
				CLANG_WARN_RANGE_LOOP_ANALYSIS = YES;
				CLANG_WARN_STRICT_PROTOTYPES = YES;
				CLANG_WARN_SUSPICIOUS_MOVE = YES;
				CLANG_WARN_UNGUARDED_AVAILABILITY = YES_AGGRESSIVE;
				CLANG_WARN_UNREACHABLE_CODE = YES;
				CLANG_WARN__DUPLICATE_METHOD_MATCH = YES;
				CODE_SIGN_IDENTITY = "iPhone Developer";
				COPY_PHASE_STRIP = NO;
				DEBUG_INFORMATION_FORMAT = dwarf;
				ENABLE_STRICT_OBJC_MSGSEND = YES;
				ENABLE_TESTABILITY = YES;
				GCC_C_LANGUAGE_STANDARD = gnu11;
				GCC_DYNAMIC_NO_PIC = NO;
				GCC_NO_COMMON_BLOCKS = YES;
				GCC_OPTIMIZATION_LEVEL = 0;
				GCC_PREPROCESSOR_DEFINITIONS = (
					"DEBUG=1",
					"$(inherited)",
				);
				GCC_WARN_64_TO_32_BIT_CONVERSION = YES;
				GCC_WARN_ABOUT_RETURN_TYPE = YES_ERROR;
				GCC_WARN_UNDECLARED_SELECTOR = YES;
				GCC_WARN_UNINITIALIZED_AUTOS = YES_AGGRESSIVE;
				GCC_WARN_UNUSED_FUNCTION = YES;
				GCC_WARN_UNUSED_VARIABLE = YES;
				IPHONEOS_DEPLOYMENT_TARGET = 12.1;
				MTL_ENABLE_DEBUG_INFO = INCLUDE_SOURCE;
				MTL_FAST_MATH = YES;
				ONLY_ACTIVE_ARCH = YES;
				SDKROOT = iphoneos;
				SWIFT_ACTIVE_COMPILATION_CONDITIONS = DEBUG;
				SWIFT_OPTIMIZATION_LEVEL = "-Onone";
			};
			name = Debug;
		};
		3718D98D22178997001398A1 /* Release */ = {
			isa = XCBuildConfiguration;
			buildSettings = {
				ALWAYS_SEARCH_USER_PATHS = NO;
				CLANG_ANALYZER_NONNULL = YES;
				CLANG_ANALYZER_NUMBER_OBJECT_CONVERSION = YES_AGGRESSIVE;
				CLANG_CXX_LANGUAGE_STANDARD = "gnu++14";
				CLANG_CXX_LIBRARY = "libc++";
				CLANG_ENABLE_MODULES = YES;
				CLANG_ENABLE_OBJC_ARC = YES;
				CLANG_ENABLE_OBJC_WEAK = YES;
				CLANG_WARN_BLOCK_CAPTURE_AUTORELEASING = YES;
				CLANG_WARN_BOOL_CONVERSION = YES;
				CLANG_WARN_COMMA = YES;
				CLANG_WARN_CONSTANT_CONVERSION = YES;
				CLANG_WARN_DEPRECATED_OBJC_IMPLEMENTATIONS = YES;
				CLANG_WARN_DIRECT_OBJC_ISA_USAGE = YES_ERROR;
				CLANG_WARN_DOCUMENTATION_COMMENTS = YES;
				CLANG_WARN_EMPTY_BODY = YES;
				CLANG_WARN_ENUM_CONVERSION = YES;
				CLANG_WARN_INFINITE_RECURSION = YES;
				CLANG_WARN_INT_CONVERSION = YES;
				CLANG_WARN_NON_LITERAL_NULL_CONVERSION = YES;
				CLANG_WARN_OBJC_IMPLICIT_RETAIN_SELF = YES;
				CLANG_WARN_OBJC_LITERAL_CONVERSION = YES;
				CLANG_WARN_OBJC_ROOT_CLASS = YES_ERROR;
				CLANG_WARN_RANGE_LOOP_ANALYSIS = YES;
				CLANG_WARN_STRICT_PROTOTYPES = YES;
				CLANG_WARN_SUSPICIOUS_MOVE = YES;
				CLANG_WARN_UNGUARDED_AVAILABILITY = YES_AGGRESSIVE;
				CLANG_WARN_UNREACHABLE_CODE = YES;
				CLANG_WARN__DUPLICATE_METHOD_MATCH = YES;
				CODE_SIGN_IDENTITY = "iPhone Developer";
				COPY_PHASE_STRIP = NO;
				DEBUG_INFORMATION_FORMAT = "dwarf-with-dsym";
				ENABLE_NS_ASSERTIONS = NO;
				ENABLE_STRICT_OBJC_MSGSEND = YES;
				GCC_C_LANGUAGE_STANDARD = gnu11;
				GCC_NO_COMMON_BLOCKS = YES;
				GCC_WARN_64_TO_32_BIT_CONVERSION = YES;
				GCC_WARN_ABOUT_RETURN_TYPE = YES_ERROR;
				GCC_WARN_UNDECLARED_SELECTOR = YES;
				GCC_WARN_UNINITIALIZED_AUTOS = YES_AGGRESSIVE;
				GCC_WARN_UNUSED_FUNCTION = YES;
				GCC_WARN_UNUSED_VARIABLE = YES;
				IPHONEOS_DEPLOYMENT_TARGET = 12.1;
				MTL_ENABLE_DEBUG_INFO = NO;
				MTL_FAST_MATH = YES;
				SDKROOT = iphoneos;
				SWIFT_COMPILATION_MODE = wholemodule;
				SWIFT_OPTIMIZATION_LEVEL = "-O";
				VALIDATE_PRODUCT = YES;
			};
			name = Release;
		};
		3718D98F22178997001398A1 /* Debug */ = {
			isa = XCBuildConfiguration;
			buildSettings = {
				ASSETCATALOG_COMPILER_APPICON_NAME = AppIcon;
				CLANG_ENABLE_MODULES = YES;
				CODE_SIGN_STYLE = Automatic;
				DEVELOPMENT_TEAM = 4H5H36YM34;
				INFOPLIST_FILE = "Ice Princess/Info.plist";
				IPHONEOS_DEPLOYMENT_TARGET = 10.0;
				LD_RUNPATH_SEARCH_PATHS = (
					"$(inherited)",
					"@executable_path/Frameworks",
				);
				PRODUCT_BUNDLE_IDENTIFIER = "com.Ice-Princess";
				PRODUCT_NAME = "$(TARGET_NAME)";
				SWIFT_INSTALL_OBJC_HEADER = YES;
				SWIFT_OBJC_BRIDGING_HEADER = "Ice Princess/Controller/Ice Princess-Bridging-Header.h";
				SWIFT_OPTIMIZATION_LEVEL = "-Onone";
				SWIFT_VERSION = 4.2;
				TARGETED_DEVICE_FAMILY = 1;
			};
			name = Debug;
		};
		3718D99022178997001398A1 /* Release */ = {
			isa = XCBuildConfiguration;
			buildSettings = {
				ASSETCATALOG_COMPILER_APPICON_NAME = AppIcon;
				CLANG_ENABLE_MODULES = YES;
				CODE_SIGN_STYLE = Automatic;
				DEVELOPMENT_TEAM = 4H5H36YM34;
				INFOPLIST_FILE = "Ice Princess/Info.plist";
				IPHONEOS_DEPLOYMENT_TARGET = 10.0;
				LD_RUNPATH_SEARCH_PATHS = (
					"$(inherited)",
					"@executable_path/Frameworks",
				);
				PRODUCT_BUNDLE_IDENTIFIER = "com.Ice-Princess";
				PRODUCT_NAME = "$(TARGET_NAME)";
				SWIFT_INSTALL_OBJC_HEADER = YES;
				SWIFT_OBJC_BRIDGING_HEADER = "Ice Princess/Controller/Ice Princess-Bridging-Header.h";
				SWIFT_VERSION = 4.2;
				TARGETED_DEVICE_FAMILY = 1;
			};
			name = Release;
		};
/* End XCBuildConfiguration section */

/* Begin XCConfigurationList section */
		3718D97722178996001398A1 /* Build configuration list for PBXProject "Ice Princess" */ = {
			isa = XCConfigurationList;
			buildConfigurations = (
				3718D98C22178997001398A1 /* Debug */,
				3718D98D22178997001398A1 /* Release */,
			);
			defaultConfigurationIsVisible = 0;
			defaultConfigurationName = Release;
		};
		3718D98E22178997001398A1 /* Build configuration list for PBXNativeTarget "Ice Princess" */ = {
			isa = XCConfigurationList;
			buildConfigurations = (
				3718D98F22178997001398A1 /* Debug */,
				3718D99022178997001398A1 /* Release */,
			);
			defaultConfigurationIsVisible = 0;
			defaultConfigurationName = Release;
		};
/* End XCConfigurationList section */
	};
	rootObject = 3718D97422178996001398A1 /* Project object */;
}
